{
  "version": 4,
  "terraform_version": "1.2.6",
  "serial": 24,
  "lineage": "204b8d7b-3def-2f8c-145d-ad4b99b86786",
  "outputs": {},
  "resources": [
    {
      "mode": "managed",
      "type": "google_compute_network",
      "name": "custom-vpc-tf",
      "provider": "provider[\"registry.terraform.io/hashicorp/google\"]",
      "instances": [
        {
          "schema_version": 0,
          "attributes": {
            "auto_create_subnetworks": false,
            "delete_default_routes_on_create": false,
            "description": "",
            "enable_ula_internal_ipv6": false,
            "gateway_ipv4": "",
            "id": "projects/terraform-380221/global/networks/custom-vpc-tf-51932",
            "internal_ipv6_range": "",
            "mtu": 0,
            "name": "custom-vpc-tf-51932",
            "project": "terraform-380221",
            "routing_mode": "REGIONAL",
            "self_link": "https://www.googleapis.com/compute/v1/projects/terraform-380221/global/networks/custom-vpc-tf-51932",
            "timeouts": null
          },
          "sensitive_attributes": [],
          "private": "eyJlMmJmYjczMC1lY2FhLTExZTYtOGY4OC0zNDM2M2JjN2M0YzAiOnsiY3JlYXRlIjoxMjAwMDAwMDAwMDAwLCJkZWxldGUiOjEyMDAwMDAwMDAwMDAsInVwZGF0ZSI6MTIwMDAwMDAwMDAwMH19",
          "dependencies": [
            "random_integer.sufix"
          ]
        }
      ]
    },
    {
      "mode": "managed",
      "type": "random_integer",
      "name": "sufix",
      "provider": "provider[\"registry.terraform.io/hashicorp/random\"]",
      "instances": [
        {
          "schema_version": 0,
          "attributes": {
            "id": "51932",
            "keepers": null,
            "max": 99999,
            "min": 10000,
            "result": 51932,
            "seed": null
          },
          "sensitive_attributes": []
        }
      ]
    }
  ]
}
