{
  "version": 4,
  "terraform_version": "1.4.2",
  "serial": 3,
  "lineage": "8579210a-0703-2c35-2753-b1421e5e0cf9",
  "outputs": {},
  "resources": [
    {
      "mode": "managed",
      "type": "local_file",
      "name": "ansible",
      "provider": "provider[\"registry.terraform.io/hashicorp/local\"]",
      "instances": [
        {
          "schema_version": 0,
          "attributes": {
            "content": "Quanto vc curte   Ansible",
            "content_base64": null,
            "content_base64sha256": "7cmKjDV+WuLHE6kllBCbV4XuDgEb79y/KMNJLUdSU5s=",
            "content_base64sha512": "N0Uj/HIMZOX+HB5KYTKgprhONoUbRDuXpT0CQJGnSQQ+wHUK6cEi453Xds92ZemzDDlyodfeUgOIDoqmDBQjSQ==",
            "content_md5": "f3006b8fa0104a208c375a522b3621e7",
            "content_sha1": "a86c61e296ccd98238d71eaf276b996ae970bb4c",
            "content_sha256": "edc98a8c357e5ae2c713a92594109b5785ee0e011befdcbf28c3492d4752539b",
            "content_sha512": "374523fc720c64e5fe1c1e4a6132a0a6b84e36851b443b97a53d024091a749043ec0750ae9c122e39dd776cf7665e9b30c3972a1d7de5203880e8aa60c142349",
            "directory_permission": "0777",
            "file_permission": "0777",
            "filename": "ansible.txt",
            "id": "a86c61e296ccd98238d71eaf276b996ae970bb4c",
            "sensitive_content": null,
            "source": null
          },
          "sensitive_attributes": []
        }
      ]
    },
    {
      "mode": "managed",
      "type": "local_file",
      "name": "gcp",
      "provider": "provider[\"registry.terraform.io/hashicorp/local\"]",
      "instances": [
        {
          "schema_version": 0,
          "attributes": {
            "content": "Quanto vc curte   GCP",
            "content_base64": null,
            "content_base64sha256": "9K2FUB3ykjI3epro6akKnNpueeUsgtqtN2qr1VboG2I=",
            "content_base64sha512": "uRfneKMFr1yzel/nIloZDZtoxPZU4c3o1Wg3+Q8t+43R8786G6sj3G02rNYNfE6/WntiBM5McnrWsJAi7jjH9g==",
            "content_md5": "849e94d6d60074868a4bb19b140497e2",
            "content_sha1": "ae0575e8fa3e2fd983114111db14e936b7a5d4f6",
            "content_sha256": "f4ad85501df29232377a9ae8e9a90a9cda6e79e52c82daad376aabd556e81b62",
            "content_sha512": "b917e778a305af5cb37a5fe7225a190d9b68c4f654e1cde8d56837f90f2dfb8dd1f3bf3a1bab23dc6d36acd60d7c4ebf5a7b6204ce4c727ad6b09022ee38c7f6",
            "directory_permission": "0777",
            "file_permission": "0777",
            "filename": "gcp.txt",
            "id": "ae0575e8fa3e2fd983114111db14e936b7a5d4f6",
            "sensitive_content": null,
            "source": null
          },
          "sensitive_attributes": []
        }
      ]
    },
    {
      "mode": "managed",
      "type": "local_file",
      "name": "terraform",
      "provider": "provider[\"registry.terraform.io/hashicorp/local\"]",
      "instances": [
        {
          "schema_version": 0,
          "attributes": {
            "content": "Quanto vc curte ",
            "content_base64": null,
            "content_base64sha256": "CWYJhdGrlB0K9VohWTO8uMtP6s77T6lX7bGMeZC8HBo=",
            "content_base64sha512": "iwtLR53eymbEnQRYYyFmZmdKNfWr7fW8zIBQ0IKZyEry8L0qb93FwUyEXkyCDEppr0acd6+F8azffImDdp5eug==",
            "content_md5": "62660ba43ae461b2ba14a34092fe428b",
            "content_sha1": "22c4346390b5690d92e6052887051e33c94b9245",
            "content_sha256": "09660985d1ab941d0af55a215933bcb8cb4feacefb4fa957edb18c7990bc1c1a",
            "content_sha512": "8b0b4b479ddeca66c49d045863216666674a35f5abedf5bccc8050d08299c84af2f0bd2a6fddc5c14c845e4c820c4a69af469c77af85f1acdf7c8983769e5eba",
            "directory_permission": "0777",
            "file_permission": "0777",
            "filename": "terraform.txt",
            "id": "22c4346390b5690d92e6052887051e33c94b9245",
            "sensitive_content": null,
            "source": null
          },
          "sensitive_attributes": []
        }
      ]
    }
  ],
  "check_results": null
}
