{
  "version": 4,
  "terraform_version": "1.2.6",
  "serial": 1,
  "lineage": "9bd4178d-7d1c-d2c6-a1c9-1fe51be13a71",
  "outputs": {},
  "resources": [
    {
      "mode": "managed",
      "type": "local_file",
      "name": "example",
      "provider": "provider[\"registry.terraform.io/hashicorp/local\"]",
      "instances": [
        {
          "schema_version": 0,
          "attributes": {
            "content": "Testes com Terraform",
            "content_base64": null,
            "content_base64sha256": "ldLaJ3A32sDEQkgW4RiuPv4/oUTOcHiPBdjQ+7YJ+ZA=",
            "content_base64sha512": "6jcspkPpMydYnHBtvC1uP/PybmoYVOoC5PDpGkNKq7laa01UFdGyVSfHQnQwixzqzeiu4Sgfea5bh/YqGavWHQ==",
            "content_md5": "0cdda2a86205c139d5b5455c7551100a",
            "content_sha1": "55f6b395834ee3cd69fc3f880e50e5b99ef9c98a",
            "content_sha256": "95d2da277037dac0c4424816e118ae3efe3fa144ce70788f05d8d0fbb609f990",
            "content_sha512": "ea372ca643e93327589c706dbc2d6e3ff3f26e6a1854ea02e4f0e91a434aabb95a6b4d5415d1b25527c74274308b1ceacde8aee1281f79ae5b87f62a19abd61d",
            "directory_permission": "0777",
            "file_permission": "0777",
            "filename": "example.txt",
            "id": "55f6b395834ee3cd69fc3f880e50e5b99ef9c98a",
            "sensitive_content": null,
            "source": null
          },
          "sensitive_attributes": []
        }
      ]
    }
  ]
}
