{
  "version": 4,
  "terraform_version": "1.2.6",
  "serial": 6,
  "lineage": "05b4aefc-19bd-a5a5-2f88-1f412b670d78",
  "outputs": {},
  "resources": [
    {
      "mode": "managed",
      "type": "google_container_cluster",
      "name": "primary",
      "provider": "provider[\"registry.terraform.io/hashicorp/google\"]",
      "instances": [
        {
          "schema_version": 1,
          "attributes": {
            "addons_config": [
              {
                "cloudrun_config": [],
                "config_connector_config": [],
                "dns_cache_config": [],
                "gce_persistent_disk_csi_driver_config": [
                  {
                    "enabled": true
                  }
                ],
                "gcp_filestore_csi_driver_config": [],
                "gke_backup_agent_config": [],
                "horizontal_pod_autoscaling": [
                  {
                    "disabled": true
                  }
                ],
                "http_load_balancing": [
                  {
                    "disabled": true
                  }
                ],
                "network_policy_config": [
                  {
                    "disabled": true
                  }
                ]
              }
            ],
            "authenticator_groups_config": [],
            "binary_authorization": [
              {
                "enabled": false,
                "evaluation_mode": ""
              }
            ],
            "cluster_autoscaling": [
              {
                "auto_provisioning_defaults": [],
                "enabled": false,
                "resource_limits": []
              }
            ],
            "cluster_ipv4_cidr": "10.0.0.0/14",
            "confidential_nodes": [],
            "cost_management_config": [],
            "database_encryption": [
              {
                "key_name": "",
                "state": "DECRYPTED"
              }
            ],
            "datapath_provider": "",
            "default_max_pods_per_node": null,
            "default_snat_status": [
              {
                "disabled": false
              }
            ],
            "description": "",
            "dns_config": [],
            "enable_autopilot": false,
            "enable_binary_authorization": false,
            "enable_intranode_visibility": false,
            "enable_kubernetes_alpha": false,
            "enable_l4_ilb_subsetting": false,
            "enable_legacy_abac": false,
            "enable_shielded_nodes": true,
            "enable_tpu": false,
            "endpoint": "35.223.60.90",
            "gateway_api_config": [],
            "id": "projects/terraform-380221/locations/us-central1/clusters/my-gke-cluster",
            "initial_node_count": 1,
            "ip_allocation_policy": [],
            "label_fingerprint": "a9dc16a7",
            "location": "us-central1",
            "logging_config": [
              {
                "enable_components": [
                  "SYSTEM_COMPONENTS",
                  "WORKLOADS"
                ]
              }
            ],
            "logging_service": "logging.googleapis.com/kubernetes",
            "maintenance_policy": [],
            "master_auth": [
              {
                "client_certificate": "",
                "client_certificate_config": [
                  {
                    "issue_client_certificate": false
                  }
                ],
                "client_key": "",
                "cluster_ca_certificate": "LS0tLS1CRUdJTiBDRVJUSUZJQ0FURS0tLS0tCk1JSUVMRENDQXBTZ0F3SUJBZ0lRYWV2Z2RkRHVjd0x2aDVxWDBQRkpyVEFOQmdrcWhraUc5dzBCQVFzRkFEQXYKTVMwd0t3WURWUVFERXlSaU1ETTFOVFpqTWkwd01EQTRMVFEwWXpJdE9ERTBaQzFtTjJJNE16SXhaVEpsTVRBdwpJQmNOTWpNd016RXpNVGd6TlRJMldoZ1BNakExTXpBek1EVXhPVE0xTWpaYU1DOHhMVEFyQmdOVkJBTVRKR0l3Ck16VTFObU15TFRBd01EZ3RORFJqTWkwNE1UUmtMV1kzWWpnek1qRmxNbVV4TURDQ0FhSXdEUVlKS29aSWh2Y04KQVFFQkJRQURnZ0dQQURDQ0FZb0NnZ0dCQUxYcHNUVTFaUkkwMXJnZjM3MTRLcjhQSHZXcUo0eHlXOHd1THorcwp3VERCRmhFSXBpOVJQdTNhcVNoTWVBYWd3VHM4bXVVbXgrUjN0b3NWMG9pVjdlWElMclBsY2lGM2E1SXNoZE15ClkvSEZyTWgyQmFPYU15Wm5Wd0pWZHVwYXdKTG8ybUlUNjBKU29aanlwUmhWbGxIbDE4Mm5Sb2pGRkhBN0hEQWwKRmlkdVNyT0ZWUXZmbERWSXQ4ZW9TOHl2ZmlsZlhqVDB4cWh1QzMwWC9XZVZtQWIwNUJuSVliN2pENEE1SENrUQpvVU1JL1RzSVZ5dTR1d0FlRWNXZDl2V3pHVkkzdldtZVNIN1BCbFJ0NWlneTdEZWFIQWJVOWlncGYwWEJHKzhQCmtQY2dJRThkM3hoKzRCT0JMUEVhbkFwN001UmFRYit4SzNmWm9VSmF5cmdLTE5ldnhPc2Fid0NVcVlZdzl5N3QKeFNFUHVzYXR4c1NQZC9rdDJqOXVSSmVSSDFMQnUwVGRYcXNCc283eG9wZkJReWkzNVk4V3Z0LzROVTR3MWpRZwo5QlFod1cwTkI4RjVlVkFDRHlZemJiNVc3cExxdGhpSXYyZmQxVXVrd0toekNGS25zbGg4Wnc1SWttNUYrSkpkCnYyWm1ISURRMnZlbFgvRkp4NlRmcVlwZytRSURBUUFCbzBJd1FEQU9CZ05WSFE4QkFmOEVCQU1DQWdRd0R3WUQKVlIwVEFRSC9CQVV3QXdFQi96QWRCZ05WSFE0RUZnUVVNK3p5MWVNeFNaekdrYjkvMDlKSFhMMklCeDh3RFFZSgpLb1pJaHZjTkFRRUxCUUFEZ2dHQkFIVjNTS2gzajVKUUhaNjVlZis1cUU3YmJzbU9CcmY2UnRyQitZNjJndGdWCk9kVFlJNkEza1FMb0Jhb2RDZU5tNlNwOWJiMktJbDVUUUhJc0h1elJwVE1SUDVqcHh6REVzTEZpV20zc2ZYaVgKVytSdi8vN1JoblhvcXFSMEVMWkpEZU50K1FPQjkwbnU1NkZ0NmQ0UjdvaGFQQVdndXdDWndlWHVFMUJnYmkyQwp3ZWRQcDZ1dlN3QnhFdUNjcXhvdyt2SnprK0lpaUcvOHJ0NkFwc3VBUGRGeGQxTS8vRkxGRWdjYnQ0MitUMEdYCmtwMEFJR2ZzZ05jRHE4Qk9JWWNPcUYvRzM0Y3J6enBDZ0FLdUozNXRkTWI2blh4S1I5WUphd3JMRXo3TUxoK28KTHFKazE1cE5RVkJoalN5K29vaE9VNHBBVmMydkxvODIyOGhRQ3B1YnVqOTB3U3d2cnJIM1dGQXpPMjczSERGNQpwZ2IwNmZidTBZSlNlMFdhRjJ5NXBINmVNRVdXZDJzQURYSGw4REpRdkM5UFJIY0tqQzZkUDc4SXFqU2pXbmNRCmpZOFpYdEs3TXdUNWdJdFBJeWpHblR5N2xzbHhGR3Q4cmZmakZWSGp1MkRGd0pGWUtrNmxXaktJTjVGcm9JQWQKczl5MXRManhlTThPek9xQ0EzRnA0dz09Ci0tLS0tRU5EIENFUlRJRklDQVRFLS0tLS0K"
              }
            ],
            "master_authorized_networks_config": [],
            "master_version": "1.24.9-gke.3200",
            "mesh_certificates": [],
            "min_master_version": null,
            "monitoring_config": [
              {
                "enable_components": [
                  "SYSTEM_COMPONENTS"
                ],
                "managed_prometheus": []
              }
            ],
            "monitoring_service": "monitoring.googleapis.com/kubernetes",
            "name": "my-gke-cluster",
            "network": "projects/terraform-380221/global/networks/default",
            "network_policy": [
              {
                "enabled": false,
                "provider": "PROVIDER_UNSPECIFIED"
              }
            ],
            "networking_mode": "ROUTES",
            "node_config": [],
            "node_locations": [
              "us-central1-c"
            ],
            "node_pool": [],
            "node_pool_defaults": [
              {
                "node_config_defaults": [
                  {
                    "logging_variant": "DEFAULT"
                  }
                ]
              }
            ],
            "node_version": "1.24.9-gke.3200",
            "notification_config": [
              {
                "pubsub": [
                  {
                    "enabled": false,
                    "filter": [],
                    "topic": ""
                  }
                ]
              }
            ],
            "operation": null,
            "private_cluster_config": [
              {
                "enable_private_endpoint": false,
                "enable_private_nodes": false,
                "master_global_access_config": [
                  {
                    "enabled": false
                  }
                ],
                "master_ipv4_cidr_block": "",
                "peering_name": "",
                "private_endpoint": "10.128.0.12",
                "private_endpoint_subnetwork": "",
                "public_endpoint": "35.223.60.90"
              }
            ],
            "private_ipv6_google_access": "",
            "project": "terraform-380221",
            "release_channel": [
              {
                "channel": "REGULAR"
              }
            ],
            "remove_default_node_pool": true,
            "resource_labels": null,
            "resource_usage_export_config": [],
            "self_link": "https://container.googleapis.com/v1/projects/terraform-380221/locations/us-central1/clusters/my-gke-cluster",
            "service_external_ips_config": [
              {
                "enabled": false
              }
            ],
            "services_ipv4_cidr": "10.3.240.0/20",
            "subnetwork": "projects/terraform-380221/regions/us-central1/subnetworks/default",
            "timeouts": null,
            "tpu_ipv4_cidr_block": "",
            "vertical_pod_autoscaling": [],
            "workload_identity_config": []
          },
          "sensitive_attributes": [],
          "private": "eyJlMmJmYjczMC1lY2FhLTExZTYtOGY4OC0zNDM2M2JjN2M0YzAiOnsiY3JlYXRlIjoyNDAwMDAwMDAwMDAwLCJkZWxldGUiOjI0MDAwMDAwMDAwMDAsInJlYWQiOjI0MDAwMDAwMDAwMDAsInVwZGF0ZSI6MzYwMDAwMDAwMDAwMH0sInNjaGVtYV92ZXJzaW9uIjoiMSJ9"
        }
      ]
    },
    {
      "mode": "managed",
      "type": "google_container_node_pool",
      "name": "primary_preemptible_nodes",
      "provider": "provider[\"registry.terraform.io/hashicorp/google\"]",
      "instances": [
        {
          "schema_version": 1,
          "attributes": {
            "autoscaling": [],
            "cluster": "projects/terraform-380221/locations/us-central1/clusters/my-gke-cluster",
            "id": "projects/terraform-380221/locations/us-central1/clusters/my-gke-cluster/nodePools/my-node-pool",
            "initial_node_count": 2,
            "instance_group_urls": [
              "https://www.googleapis.com/compute/v1/projects/terraform-380221/zones/us-central1-c/instanceGroupManagers/gke-my-gke-cluster-my-node-pool-5dc672ba-grp"
            ],
            "location": "us-central1",
            "managed_instance_group_urls": [
              "https://www.googleapis.com/compute/v1/projects/terraform-380221/zones/us-central1-c/instanceGroups/gke-my-gke-cluster-my-node-pool-5dc672ba-grp"
            ],
            "management": [
              {
                "auto_repair": true,
                "auto_upgrade": true
              }
            ],
            "max_pods_per_node": null,
            "name": "my-node-pool",
            "name_prefix": "",
            "network_config": [
              {
                "create_pod_range": false,
                "enable_private_nodes": false,
                "pod_ipv4_cidr_block": "",
                "pod_range": ""
              }
            ],
            "node_config": [
              {
                "boot_disk_kms_key": "",
                "disk_size_gb": 100,
                "disk_type": "pd-balanced",
                "gcfs_config": [],
                "guest_accelerator": [],
                "gvnic": [],
                "image_type": "COS_CONTAINERD",
                "kubelet_config": [],
                "labels": {
                  "cle": "lab"
                },
                "linux_node_config": [],
                "local_ssd_count": 0,
                "logging_variant": "DEFAULT",
                "machine_type": "e2-medium",
                "metadata": {
                  "disable-legacy-endpoints": "true"
                },
                "min_cpu_platform": "",
                "node_group": "",
                "oauth_scopes": [
                  "https://www.googleapis.com/auth/devstorage.read_only",
                  "https://www.googleapis.com/auth/logging.write",
                  "https://www.googleapis.com/auth/monitoring",
                  "https://www.googleapis.com/auth/service.management.readonly",
                  "https://www.googleapis.com/auth/servicecontrol",
                  "https://www.googleapis.com/auth/trace.append"
                ],
                "preemptible": true,
                "reservation_affinity": [],
                "resource_labels": null,
                "service_account": "default",
                "shielded_instance_config": [
                  {
                    "enable_integrity_monitoring": true,
                    "enable_secure_boot": false
                  }
                ],
                "spot": false,
                "tags": null,
                "taint": [],
                "workload_metadata_config": []
              }
            ],
            "node_count": 2,
            "node_locations": [
              "us-central1-c"
            ],
            "operation": null,
            "placement_policy": [],
            "project": "terraform-380221",
            "timeouts": null,
            "upgrade_settings": [
              {
                "blue_green_settings": [],
                "max_surge": 1,
                "max_unavailable": 0,
                "strategy": "SURGE"
              }
            ],
            "version": "1.24.9-gke.3200"
          },
          "sensitive_attributes": [],
          "private": "eyJlMmJmYjczMC1lY2FhLTExZTYtOGY4OC0zNDM2M2JjN2M0YzAiOnsiY3JlYXRlIjoxODAwMDAwMDAwMDAwLCJkZWxldGUiOjE4MDAwMDAwMDAwMDAsInVwZGF0ZSI6MTgwMDAwMDAwMDAwMH0sInNjaGVtYV92ZXJzaW9uIjoiMSJ9",
          "dependencies": [
            "google_container_cluster.primary"
          ]
        }
      ]
    },
    {
      "mode": "managed",
      "type": "random_integer",
      "name": "sufix",
      "provider": "provider[\"registry.terraform.io/hashicorp/random\"]",
      "instances": [
        {
          "schema_version": 0,
          "attributes": {
            "id": "61611",
            "keepers": null,
            "max": 99999,
            "min": 10000,
            "result": 61611,
            "seed": null
          },
          "sensitive_attributes": []
        }
      ]
    }
  ]
}
