{
  "version": 4,
  "terraform_version": "1.4.2",
  "serial": 13,
  "lineage": "27323f73-19ed-f037-91c4-631616621002",
  "outputs": {
    "nome": {
      "value": 18,
      "type": "number"
    }
  },
  "resources": [
    {
      "mode": "managed",
      "type": "random_integer",
      "name": "integer",
      "provider": "provider[\"registry.terraform.io/hashicorp/random\"]",
      "instances": [
        {
          "schema_version": 0,
          "attributes": {
            "id": "18",
            "keepers": null,
            "max": 50,
            "min": 10,
            "result": 18,
            "seed": null
          },
          "sensitive_attributes": []
        }
      ]
    }
  ],
  "check_results": null
}
